
Microsoft Visual Studio Solution File, Format Version 12.00
# Visual Studio Version 16
VisualStudioVersion = 16.0.29411.108
MinimumVisualStudioVersion = 10.0.40219.1
Project("{FAE04EC0-301F-11D3-BF4B-00C04F79EFBC}") = "MarshallsRevenueGUI", "MarshallsRevenueGUI\MarshallsRevenueGUI.csproj", "{A39AADE9-1846-4165-86A9-F0B6758B049D}"
EndProject
Global
	GlobalSection(SolutionConfigurationPlatforms) = preSolution
		Debug|Any CPU = Debug|Any CPU
		Release|Any CPU = Release|Any CPU
	EndGlobalSection
	GlobalSection(ProjectConfigurationPlatforms) = postSolution
		{A39AADE9-1846-4165-86A9-F0B6758B049D}.Debug|Any CPU.ActiveCfg = Debug|Any CPU
		{A39AADE9-1846-4165-86A9-F0B6758B049D}.Debug|Any CPU.Build.0 = Debug|Any CPU
		{A39AADE9-1846-4165-86A9-F0B6758B049D}.Release|Any CPU.ActiveCfg = Release|Any CPU
		{A39AADE9-1846-4165-86A9-F0B6758B049D}.Release|Any CPU.Build.0 = Release|Any CPU
	EndGlobalSection
	GlobalSection(SolutionProperties) = preSolution
		HideSolutionNode = FALSE
	EndGlobalSection
	GlobalSection(ExtensibilityGlobals) = postSolution
		SolutionGuid = {EE119EA6-A83C-4412-9CE0-C077C2881CBF}
	EndGlobalSection
EndGlobal
