
Microsoft Visual Studio Solution File, Format Version 12.00
# Visual Studio Version 16
VisualStudioVersion = 16.0.29306.81
MinimumVisualStudioVersion = 10.0.40219.1
Project("{FAE04EC0-301F-11D3-BF4B-00C04F79EFBC}") = "TestsInteractiveGUI", "TestsInteractiveGUI\TestsInteractiveGUI.csproj", "{679A8B85-17A3-431A-A0A2-8C3571176A3D}"
EndProject
Global
	GlobalSection(SolutionConfigurationPlatforms) = preSolution
		Debug|Any CPU = Debug|Any CPU
		Release|Any CPU = Release|Any CPU
	EndGlobalSection
	GlobalSection(ProjectConfigurationPlatforms) = postSolution
		{679A8B85-17A3-431A-A0A2-8C3571176A3D}.Debug|Any CPU.ActiveCfg = Debug|Any CPU
		{679A8B85-17A3-431A-A0A2-8C3571176A3D}.Debug|Any CPU.Build.0 = Debug|Any CPU
		{679A8B85-17A3-431A-A0A2-8C3571176A3D}.Release|Any CPU.ActiveCfg = Release|Any CPU
		{679A8B85-17A3-431A-A0A2-8C3571176A3D}.Release|Any CPU.Build.0 = Release|Any CPU
	EndGlobalSection
	GlobalSection(SolutionProperties) = preSolution
		HideSolutionNode = FALSE
	EndGlobalSection
	GlobalSection(ExtensibilityGlobals) = postSolution
		SolutionGuid = {6122C9F8-6863-43AC-A9AB-50C60FA8D786}
	EndGlobalSection
EndGlobal
