
Microsoft Visual Studio Solution File, Format Version 12.00
# Visual Studio Version 16
VisualStudioVersion = 16.0.29306.81
MinimumVisualStudioVersion = 10.0.40219.1
Project("{FAE04EC0-301F-11D3-BF4B-00C04F79EFBC}") = "GreenvilleRevenueLooping", "GreenvilleRevenueLooping\GreenvilleRevenueLooping.csproj", "{12A5493E-3D50-476C-AFFA-3CD62B72A2A2}"
EndProject
Global
	GlobalSection(SolutionConfigurationPlatforms) = preSolution
		Debug|Any CPU = Debug|Any CPU
		Release|Any CPU = Release|Any CPU
	EndGlobalSection
	GlobalSection(ProjectConfigurationPlatforms) = postSolution
		{12A5493E-3D50-476C-AFFA-3CD62B72A2A2}.Debug|Any CPU.ActiveCfg = Debug|Any CPU
		{12A5493E-3D50-476C-AFFA-3CD62B72A2A2}.Debug|Any CPU.Build.0 = Debug|Any CPU
		{12A5493E-3D50-476C-AFFA-3CD62B72A2A2}.Release|Any CPU.ActiveCfg = Release|Any CPU
		{12A5493E-3D50-476C-AFFA-3CD62B72A2A2}.Release|Any CPU.Build.0 = Release|Any CPU
	EndGlobalSection
	GlobalSection(SolutionProperties) = preSolution
		HideSolutionNode = FALSE
	EndGlobalSection
	GlobalSection(ExtensibilityGlobals) = postSolution
		SolutionGuid = {637CCCFE-39DE-4ECC-8290-0DF8AE0CA9FA}
	EndGlobalSection
EndGlobal
