
Microsoft Visual Studio Solution File, Format Version 12.00
# Visual Studio Version 16
VisualStudioVersion = 16.0.29215.179
MinimumVisualStudioVersion = 10.0.40219.1
Project("{FAE04EC0-301F-11D3-BF4B-00C04F79EFBC}") = "BurmaShave", "BurmaShave\BurmaShave.csproj", "{AAF46B68-3429-4F11-A8E9-62CB894402D4}"
EndProject
Global
	GlobalSection(SolutionConfigurationPlatforms) = preSolution
		Debug|Any CPU = Debug|Any CPU
		Release|Any CPU = Release|Any CPU
	EndGlobalSection
	GlobalSection(ProjectConfigurationPlatforms) = postSolution
		{AAF46B68-3429-4F11-A8E9-62CB894402D4}.Debug|Any CPU.ActiveCfg = Debug|Any CPU
		{AAF46B68-3429-4F11-A8E9-62CB894402D4}.Debug|Any CPU.Build.0 = Debug|Any CPU
		{AAF46B68-3429-4F11-A8E9-62CB894402D4}.Release|Any CPU.ActiveCfg = Release|Any CPU
		{AAF46B68-3429-4F11-A8E9-62CB894402D4}.Release|Any CPU.Build.0 = Release|Any CPU
	EndGlobalSection
	GlobalSection(SolutionProperties) = preSolution
		HideSolutionNode = FALSE
	EndGlobalSection
	GlobalSection(ExtensibilityGlobals) = postSolution
		SolutionGuid = {F62FBA38-4F7D-4E30-A8BC-2B2C59E43FBB}
	EndGlobalSection
EndGlobal
