
Microsoft Visual Studio Solution File, Format Version 12.00
# Visual Studio Version 16
VisualStudioVersion = 16.0.29306.81
MinimumVisualStudioVersion = 10.0.40219.1
Project("{FAE04EC0-301F-11D3-BF4B-00C04F79EFBC}") = "MarshallsRevenue", "MarshallsRevenue\MarshallsRevenue.csproj", "{8D09866E-D16F-4F05-9D24-AC61EBFA15E1}"
EndProject
Global
	GlobalSection(SolutionConfigurationPlatforms) = preSolution
		Debug|Any CPU = Debug|Any CPU
		Release|Any CPU = Release|Any CPU
	EndGlobalSection
	GlobalSection(ProjectConfigurationPlatforms) = postSolution
		{8D09866E-D16F-4F05-9D24-AC61EBFA15E1}.Debug|Any CPU.ActiveCfg = Debug|Any CPU
		{8D09866E-D16F-4F05-9D24-AC61EBFA15E1}.Debug|Any CPU.Build.0 = Debug|Any CPU
		{8D09866E-D16F-4F05-9D24-AC61EBFA15E1}.Release|Any CPU.ActiveCfg = Release|Any CPU
		{8D09866E-D16F-4F05-9D24-AC61EBFA15E1}.Release|Any CPU.Build.0 = Release|Any CPU
	EndGlobalSection
	GlobalSection(SolutionProperties) = preSolution
		HideSolutionNode = FALSE
	EndGlobalSection
	GlobalSection(ExtensibilityGlobals) = postSolution
		SolutionGuid = {DCC77858-AAB0-493E-9779-AB0598E0631A}
	EndGlobalSection
EndGlobal
